{
  "nodes": {
    "nixpkgs": {
      "locked": {
        "lastModified": 1769444863,
        "narHash": "sha256-bOfPJVAXm0fqV8dDmWd1Y8HYvr/NJqGvDnzJ/vVHnXU=",
        "owner": "nixos",
        "repo": "nixpkgs",
        "rev": "b3f12551f1e8c30fa469bab0e748586992f5aacf",
        "type": "github"
      },
      "original": {
        "owner": "nixos",
        "repo": "nixpkgs",
        "type": "github"
      }
    },
    "root": {
      "inputs": {
        "nixpkgs": "nixpkgs"
      }
    }
  },
  "root": "root",
  "version": 7
}
